// !$*UTF8*$!
{
	archiveVersion = 1;
	classes = {
	};
	objectVersion = 77;
	objects = {

/* Begin PBXBuildFile section */
		18991CDC2F6735B9006C9121 /* SensorKit.framework in Frameworks */ = {isa = PBXBuildFile; fileRef = 18991CDA2F6735A6006C9121 /* SensorKit.framework */; };
		18991CDF2F6735BA006C9121 /* CoreMotion.framework in Frameworks */ = {isa = PBXBuildFile; fileRef = 18991CD82F673510006C9121 /* CoreMotion.framework */; };
		18991CE12F6735BC006C9121 /* CoreLocationUI.framework in Frameworks */ = {isa = PBXBuildFile; fileRef = 18991CD42F673508006C9121 /* CoreLocationUI.framework */; };
		18991CE32F6735BE006C9121 /* CoreLocation.framework in Frameworks */ = {isa = PBXBuildFile; fileRef = 18991CD52F673508006C9121 /* CoreLocation.framework */; };
		18991CE72F673819006C9121 /* CoreLocationUI.framework in Frameworks */ = {isa = PBXBuildFile; fileRef = 18991CD42F673508006C9121 /* CoreLocationUI.framework */; };
/* End PBXBuildFile section */

/* Begin PBXContainerItemProxy section */
		18991CAE2F673028006C9121 /* PBXContainerItemProxy */ = {
			isa = PBXContainerItemProxy;
			containerPortal = 18991C982F673026006C9121 /* Project object */;
			proxyType = 1;
			remoteGlobalIDString = 18991C9F2F673026006C9121;
			remoteInfo = Location;
		};
		18991CB82F673028006C9121 /* PBXContainerItemProxy */ = {
			isa = PBXContainerItemProxy;
			containerPortal = 18991C982F673026006C9121 /* Project object */;
			proxyType = 1;
			remoteGlobalIDString = 18991C9F2F673026006C9121;
			remoteInfo = Location;
		};
/* End PBXContainerItemProxy section */

/* Begin PBXFileReference section */
		18991CA02F673026006C9121 /* Location.app */ = {isa = PBXFileReference; explicitFileType = wrapper.application; includeInIndex = 0; path = Location.app; sourceTree = BUILT_PRODUCTS_DIR; };
		18991CAD2F673028006C9121 /* LocationTests.xctest */ = {isa = PBXFileReference; explicitFileType = wrapper.cfbundle; includeInIndex = 0; path = LocationTests.xctest; sourceTree = BUILT_PRODUCTS_DIR; };
		18991CB72F673028006C9121 /* LocationUITests.xctest */ = {isa = PBXFileReference; explicitFileType = wrapper.cfbundle; includeInIndex = 0; path = LocationUITests.xctest; sourceTree = BUILT_PRODUCTS_DIR; };
		18991CD42F673508006C9121 /* CoreLocationUI.framework */ = {isa = PBXFileReference; lastKnownFileType = wrapper.framework; name = CoreLocationUI.framework; path = System/Library/Frameworks/CoreLocationUI.framework; sourceTree = SDKROOT; };
		18991CD52F673508006C9121 /* CoreLocation.framework */ = {isa = PBXFileReference; lastKnownFileType = wrapper.framework; name = CoreLocation.framework; path = System/Library/Frameworks/CoreLocation.framework; sourceTree = SDKROOT; };
		18991CD82F673510006C9121 /* CoreMotion.framework */ = {isa = PBXFileReference; lastKnownFileType = wrapper.framework; name = CoreMotion.framework; path = System/Library/Frameworks/CoreMotion.framework; sourceTree = SDKROOT; };
		18991CDA2F6735A6006C9121 /* SensorKit.framework */ = {isa = PBXFileReference; lastKnownFileType = wrapper.framework; name = SensorKit.framework; path = System/Library/Frameworks/SensorKit.framework; sourceTree = SDKROOT; };
/* End PBXFileReference section */

/* Begin PBXFileSystemSynchronizedBuildFileExceptionSet section */
		18991CEA2F673B29006C9121 /* Exceptions for "Location" folder in "Location" target */ = {
			isa = PBXFileSystemSynchronizedBuildFileExceptionSet;
			membershipExceptions = (
				Info.plist,
			);
			target = 18991C9F2F673026006C9121 /* Location */;
		};
/* End PBXFileSystemSynchronizedBuildFileExceptionSet section */

/* Begin PBXFileSystemSynchronizedRootGroup section */
		18991CA22F673026006C9121 /* Location */ = {
			isa = PBXFileSystemSynchronizedRootGroup;
			exceptions = (
				18991CEA2F673B29006C9121 /* Exceptions for "Location" folder in "Location" target */,
			);
			path = Location;
			sourceTree = "<group>";
		};
		18991CB02F673028006C9121 /* LocationTests */ = {
			isa = PBXFileSystemSynchronizedRootGroup;
			path = LocationTests;
			sourceTree = "<group>";
		};
		18991CBA2F673028006C9121 /* LocationUITests */ = {
			isa = PBXFileSystemSynchronizedRootGroup;
			path = LocationUITests;
			sourceTree = "<group>";
		};
/* End PBXFileSystemSynchronizedRootGroup section */

/* Begin PBXFrameworksBuildPhase section */
		18991C9D2F673026006C9121 /* Frameworks */ = {
			isa = PBXFrameworksBuildPhase;
			buildActionMask = 2147483647;
			files = (
				18991CE32F6735BE006C9121 /* CoreLocation.framework in Frameworks */,
				18991CE12F6735BC006C9121 /* CoreLocationUI.framework in Frameworks */,
				18991CDC2F6735B9006C9121 /* SensorKit.framework in Frameworks */,
				18991CDF2F6735BA006C9121 /* CoreMotion.framework in Frameworks */,
				18991CE72F673819006C9121 /* CoreLocationUI.framework in Frameworks */,
			);
			runOnlyForDeploymentPostprocessing = 0;
		};
		18991CAA2F673028006C9121 /* Frameworks */ = {
			isa = PBXFrameworksBuildPhase;
			buildActionMask = 2147483647;
			files = (
			);
			runOnlyForDeploymentPostprocessing = 0;
		};
		18991CB42F673028006C9121 /* Frameworks */ = {
			isa = PBXFrameworksBuildPhase;
			buildActionMask = 2147483647;
			files = (
			);
			runOnlyForDeploymentPostprocessing = 0;
		};
/* End PBXFrameworksBuildPhase section */

/* Begin PBXGroup section */
		18991C972F673026006C9121 = {
			isa = PBXGroup;
			children = (
				18991CA22F673026006C9121 /* Location */,
				18991CB02F673028006C9121 /* LocationTests */,
				18991CBA2F673028006C9121 /* LocationUITests */,
				18991CD32F673508006C9121 /* Frameworks */,
				18991CA12F673026006C9121 /* Products */,
			);
			sourceTree = "<group>";
		};
		18991CA12F673026006C9121 /* Products */ = {
			isa = PBXGroup;
			children = (
				18991CA02F673026006C9121 /* Location.app */,
				18991CAD2F673028006C9121 /* LocationTests.xctest */,
				18991CB72F673028006C9121 /* LocationUITests.xctest */,
			);
			name = Products;
			sourceTree = "<group>";
		};
		18991CD32F673508006C9121 /* Frameworks */ = {
			isa = PBXGroup;
			children = (
				18991CDA2F6735A6006C9121 /* SensorKit.framework */,
				18991CD82F673510006C9121 /* CoreMotion.framework */,
				18991CD52F673508006C9121 /* CoreLocation.framework */,
				18991CD42F673508006C9121 /* CoreLocationUI.framework */,
			);
			name = Frameworks;
			sourceTree = "<group>";
		};
/* End PBXGroup section */

/* Begin PBXNativeTarget section */
		18991C9F2F673026006C9121 /* Location */ = {
			isa = PBXNativeTarget;
			buildConfigurationList = 18991CC12F673028006C9121 /* Build configuration list for PBXNativeTarget "Location" */;
			buildPhases = (
				18991C9C2F673026006C9121 /* Sources */,
				18991C9D2F673026006C9121 /* Frameworks */,
				18991C9E2F673026006C9121 /* Resources */,
			);
			buildRules = (
			);
			dependencies = (
			);
			fileSystemSynchronizedGroups = (
				18991CA22F673026006C9121 /* Location */,
			);
			name = Location;
			packageProductDependencies = (
			);
			productName = Location;
			productReference = 18991CA02F673026006C9121 /* Location.app */;
			productType = "com.apple.product-type.application";
		};
		18991CAC2F673028006C9121 /* LocationTests */ = {
			isa = PBXNativeTarget;
			buildConfigurationList = 18991CC42F673028006C9121 /* Build configuration list for PBXNativeTarget "LocationTests" */;
			buildPhases = (
				18991CA92F673028006C9121 /* Sources */,
				18991CAA2F673028006C9121 /* Frameworks */,
				18991CAB2F673028006C9121 /* Resources */,
			);
			buildRules = (
			);
			dependencies = (
				18991CAF2F673028006C9121 /* PBXTargetDependency */,
			);
			fileSystemSynchronizedGroups = (
				18991CB02F673028006C9121 /* LocationTests */,
			);
			name = LocationTests;
			packageProductDependencies = (
			);
			productName = LocationTests;
			productReference = 18991CAD2F673028006C9121 /* LocationTests.xctest */;
			productType = "com.apple.product-type.bundle.unit-test";
		};
		18991CB62F673028006C9121 /* LocationUITests */ = {
			isa = PBXNativeTarget;
			buildConfigurationList = 18991CC72F673028006C9121 /* Build configuration list for PBXNativeTarget "LocationUITests" */;
			buildPhases = (
				18991CB32F673028006C9121 /* Sources */,
				18991CB42F673028006C9121 /* Frameworks */,
				18991CB52F673028006C9121 /* Resources */,
			);
			buildRules = (
			);
			dependencies = (
				18991CB92F673028006C9121 /* PBXTargetDependency */,
			);
			fileSystemSynchronizedGroups = (
				18991CBA2F673028006C9121 /* LocationUITests */,
			);
			name = LocationUITests;
			packageProductDependencies = (
			);
			productName = LocationUITests;
			productReference = 18991CB72F673028006C9121 /* LocationUITests.xctest */;
			productType = "com.apple.product-type.bundle.ui-testing";
		};
/* End PBXNativeTarget section */

/* Begin PBXProject section */
		18991C982F673026006C9121 /* Project object */ = {
			isa = PBXProject;
			attributes = {
				BuildIndependentTargetsInParallel = 1;
				LastSwiftUpdateCheck = 2630;
				LastUpgradeCheck = 2630;
				TargetAttributes = {
					18991C9F2F673026006C9121 = {
						CreatedOnToolsVersion = 26.3;
					};
					18991CAC2F673028006C9121 = {
						CreatedOnToolsVersion = 26.3;
						TestTargetID = 18991C9F2F673026006C9121;
					};
					18991CB62F673028006C9121 = {
						CreatedOnToolsVersion = 26.3;
						TestTargetID = 18991C9F2F673026006C9121;
					};
				};
			};
			buildConfigurationList = 18991C9B2F673026006C9121 /* Build configuration list for PBXProject "Location" */;
			developmentRegion = en;
			hasScannedForEncodings = 0;
			knownRegions = (
				en,
				Base,
			);
			mainGroup = 18991C972F673026006C9121;
			minimizedProjectReferenceProxies = 1;
			preferredProjectObjectVersion = 77;
			productRefGroup = 18991CA12F673026006C9121 /* Products */;
			projectDirPath = "";
			projectRoot = "";
			targets = (
				18991C9F2F673026006C9121 /* Location */,
				18991CAC2F673028006C9121 /* LocationTests */,
				18991CB62F673028006C9121 /* LocationUITests */,
			);
		};
/* End PBXProject section */

/* Begin PBXResourcesBuildPhase section */
		18991C9E2F673026006C9121 /* Resources */ = {
			isa = PBXResourcesBuildPhase;
			buildActionMask = 2147483647;
			files = (
			);
			runOnlyForDeploymentPostprocessing = 0;
		};
		18991CAB2F673028006C9121 /* Resources */ = {
			isa = PBXResourcesBuildPhase;
			buildActionMask = 2147483647;
			files = (
			);
			runOnlyForDeploymentPostprocessing = 0;
		};
		18991CB52F673028006C9121 /* Resources */ = {
			isa = PBXResourcesBuildPhase;
			buildActionMask = 2147483647;
			files = (
			);
			runOnlyForDeploymentPostprocessing = 0;
		};
/* End PBXResourcesBuildPhase section */

/* Begin PBXSourcesBuildPhase section */
		18991C9C2F673026006C9121 /* Sources */ = {
			isa = PBXSourcesBuildPhase;
			buildActionMask = 2147483647;
			files = (
			);
			runOnlyForDeploymentPostprocessing = 0;
		};
		18991CA92F673028006C9121 /* Sources */ = {
			isa = PBXSourcesBuildPhase;
			buildActionMask = 2147483647;
			files = (
			);
			runOnlyForDeploymentPostprocessing = 0;
		};
		18991CB32F673028006C9121 /* Sources */ = {
			isa = PBXSourcesBuildPhase;
			buildActionMask = 2147483647;
			files = (
			);
			runOnlyForDeploymentPostprocessing = 0;
		};
/* End PBXSourcesBuildPhase section */

/* Begin PBXTargetDependency section */
		18991CAF2F673028006C9121 /* PBXTargetDependency */ = {
			isa = PBXTargetDependency;
			target = 18991C9F2F673026006C9121 /* Location */;
			targetProxy = 18991CAE2F673028006C9121 /* PBXContainerItemProxy */;
		};
		18991CB92F673028006C9121 /* PBXTargetDependency */ = {
			isa = PBXTargetDependency;
			target = 18991C9F2F673026006C9121 /* Location */;
			targetProxy = 18991CB82F673028006C9121 /* PBXContainerItemProxy */;
		};
/* End PBXTargetDependency section */

/* Begin XCBuildConfiguration section */
		18991CBF2F673028006C9121 /* Debug */ = {
			isa = XCBuildConfiguration;
			buildSettings = {
				ALWAYS_SEARCH_USER_PATHS = NO;
				ASSETCATALOG_COMPILER_GENERATE_SWIFT_ASSET_SYMBOL_EXTENSIONS = YES;
				CLANG_ANALYZER_NONNULL = YES;
				CLANG_ANALYZER_NUMBER_OBJECT_CONVERSION = YES_AGGRESSIVE;
				CLANG_CXX_LANGUAGE_STANDARD = "gnu++20";
				CLANG_ENABLE_MODULES = YES;
				CLANG_ENABLE_OBJC_ARC = YES;
				CLANG_ENABLE_OBJC_WEAK = YES;
				CLANG_WARN_BLOCK_CAPTURE_AUTORELEASING = YES;
				CLANG_WARN_BOOL_CONVERSION = YES;
				CLANG_WARN_COMMA = YES;
				CLANG_WARN_CONSTANT_CONVERSION = YES;
				CLANG_WARN_DEPRECATED_OBJC_IMPLEMENTATIONS = YES;
				CLANG_WARN_DIRECT_OBJC_ISA_USAGE = YES_ERROR;
				CLANG_WARN_DOCUMENTATION_COMMENTS = YES;
				CLANG_WARN_EMPTY_BODY = YES;
				CLANG_WARN_ENUM_CONVERSION = YES;
				CLANG_WARN_INFINITE_RECURSION = YES;
				CLANG_WARN_INT_CONVERSION = YES;
				CLANG_WARN_NON_LITERAL_NULL_CONVERSION = YES;
				CLANG_WARN_OBJC_IMPLICIT_RETAIN_SELF = YES;
				CLANG_WARN_OBJC_LITERAL_CONVERSION = YES;
				CLANG_WARN_OBJC_ROOT_CLASS = YES_ERROR;
				CLANG_WARN_QUOTED_INCLUDE_IN_FRAMEWORK_HEADER = YES;
				CLANG_WARN_RANGE_LOOP_ANALYSIS = YES;
				CLANG_WARN_STRICT_PROTOTYPES = YES;
				CLANG_WARN_SUSPICIOUS_MOVE = YES;
				CLANG_WARN_UNGUARDED_AVAILABILITY = YES_AGGRESSIVE;
				CLANG_WARN_UNREACHABLE_CODE = YES;
				CLANG_WARN__DUPLICATE_METHOD_MATCH = YES;
				COPY_PHASE_STRIP = NO;
				DEBUG_INFORMATION_FORMAT = dwarf;
				DEVELOPMENT_TEAM = U25A7T7GPN;
				ENABLE_STRICT_OBJC_MSGSEND = YES;
				ENABLE_TESTABILITY = YES;
				ENABLE_USER_SCRIPT_SANDBOXING = YES;
				GCC_C_LANGUAGE_STANDARD = gnu17;
				GCC_DYNAMIC_NO_PIC = NO;
				GCC_NO_COMMON_BLOCKS = YES;
				GCC_OPTIMIZATION_LEVEL = 0;
				GCC_PREPROCESSOR_DEFINITIONS = (
					"DEBUG=1",
					"$(inherited)",
				);
				GCC_WARN_64_TO_32_BIT_CONVERSION = YES;
				GCC_WARN_ABOUT_RETURN_TYPE = YES_ERROR;
				GCC_WARN_UNDECLARED_SELECTOR = YES;
				GCC_WARN_UNINITIALIZED_AUTOS = YES_AGGRESSIVE;
				GCC_WARN_UNUSED_FUNCTION = YES;
				GCC_WARN_UNUSED_VARIABLE = YES;
				IPHONEOS_DEPLOYMENT_TARGET = 26.2;
				LOCALIZATION_PREFERS_STRING_CATALOGS = YES;
				MTL_ENABLE_DEBUG_INFO = INCLUDE_SOURCE;
				MTL_FAST_MATH = YES;
				ONLY_ACTIVE_ARCH = YES;
				SDKROOT = iphoneos;
				SWIFT_ACTIVE_COMPILATION_CONDITIONS = "DEBUG $(inherited)";
				SWIFT_OPTIMIZATION_LEVEL = "-Onone";
			};
			name = Debug;
		};
		18991CC02F673028006C9121 /* Release */ = {
			isa = XCBuildConfiguration;
			buildSettings = {
				ALWAYS_SEARCH_USER_PATHS = NO;
				ASSETCATALOG_COMPILER_GENERATE_SWIFT_ASSET_SYMBOL_EXTENSIONS = YES;
				CLANG_ANALYZER_NONNULL = YES;
				CLANG_ANALYZER_NUMBER_OBJECT_CONVERSION = YES_AGGRESSIVE;
				CLANG_CXX_LANGUAGE_STANDARD = "gnu++20";
				CLANG_ENABLE_MODULES = YES;
				CLANG_ENABLE_OBJC_ARC = YES;
				CLANG_ENABLE_OBJC_WEAK = YES;
				CLANG_WARN_BLOCK_CAPTURE_AUTORELEASING = YES;
				CLANG_WARN_BOOL_CONVERSION = YES;
				CLANG_WARN_COMMA = YES;
				CLANG_WARN_CONSTANT_CONVERSION = YES;
				CLANG_WARN_DEPRECATED_OBJC_IMPLEMENTATIONS = YES;
				CLANG_WARN_DIRECT_OBJC_ISA_USAGE = YES_ERROR;
				CLANG_WARN_DOCUMENTATION_COMMENTS = YES;
				CLANG_WARN_EMPTY_BODY = YES;
				CLANG_WARN_ENUM_CONVERSION = YES;
				CLANG_WARN_INFINITE_RECURSION = YES;
				CLANG_WARN_INT_CONVERSION = YES;
				CLANG_WARN_NON_LITERAL_NULL_CONVERSION = YES;
				CLANG_WARN_OBJC_IMPLICIT_RETAIN_SELF = YES;
				CLANG_WARN_OBJC_LITERAL_CONVERSION = YES;
				CLANG_WARN_OBJC_ROOT_CLASS = YES_ERROR;
				CLANG_WARN_QUOTED_INCLUDE_IN_FRAMEWORK_HEADER = YES;
				CLANG_WARN_RANGE_LOOP_ANALYSIS = YES;
				CLANG_WARN_STRICT_PROTOTYPES = YES;
				CLANG_WARN_SUSPICIOUS_MOVE = YES;
				CLANG_WARN_UNGUARDED_AVAILABILITY = YES_AGGRESSIVE;
				CLANG_WARN_UNREACHABLE_CODE = YES;
				CLANG_WARN__DUPLICATE_METHOD_MATCH = YES;
				COPY_PHASE_STRIP = NO;
				DEBUG_INFORMATION_FORMAT = "dwarf-with-dsym";
				DEVELOPMENT_TEAM = U25A7T7GPN;
				ENABLE_NS_ASSERTIONS = NO;
				ENABLE_STRICT_OBJC_MSGSEND = YES;
				ENABLE_USER_SCRIPT_SANDBOXING = YES;
				GCC_C_LANGUAGE_STANDARD = gnu17;
				GCC_NO_COMMON_BLOCKS = YES;
				GCC_WARN_64_TO_32_BIT_CONVERSION = YES;
				GCC_WARN_ABOUT_RETURN_TYPE = YES_ERROR;
				GCC_WARN_UNDECLARED_SELECTOR = YES;
				GCC_WARN_UNINITIALIZED_AUTOS = YES_AGGRESSIVE;
				GCC_WARN_UNUSED_FUNCTION = YES;
				GCC_WARN_UNUSED_VARIABLE = YES;
				IPHONEOS_DEPLOYMENT_TARGET = 26.2;
				LOCALIZATION_PREFERS_STRING_CATALOGS = YES;
				MTL_ENABLE_DEBUG_INFO = NO;
				MTL_FAST_MATH = YES;
				SDKROOT = iphoneos;
				SWIFT_COMPILATION_MODE = wholemodule;
				VALIDATE_PRODUCT = YES;
			};
			name = Release;
		};
		18991CC22F673028006C9121 /* Debug */ = {
			isa = XCBuildConfiguration;
			buildSettings = {
				ASSETCATALOG_COMPILER_APPICON_NAME = AppIcon;
				ASSETCATALOG_COMPILER_GLOBAL_ACCENT_COLOR_NAME = AccentColor;
				CODE_SIGN_STYLE = Automatic;
				CURRENT_PROJECT_VERSION = 1;
				DEVELOPMENT_TEAM = U25A7T7GPN;
				ENABLE_PREVIEWS = YES;
				GENERATE_INFOPLIST_FILE = YES;
				INFOPLIST_FILE = Location/Info.plist;
				INFOPLIST_KEY_CFBundleDisplayName = "";
				INFOPLIST_KEY_LSApplicationCategoryType = "";
				INFOPLIST_KEY_NSLocationAlwaysAndWhenInUseUsageDescription = "Get your location for navigator";
				INFOPLIST_KEY_NSLocationWhenInUseUsageDescription = "我们需要使用GPS定位来获取您当前的基础海拔高度信息。";
				INFOPLIST_KEY_NSMotionUsageDescription = "我们需要访问运动传感器与气压计来计算您的相对位移和楼层变化。";
				INFOPLIST_KEY_NSLocalNetworkUsageDescription = "我们需要访问网络以获取当前位置的气象气压数据，用于辅助校准海拔。";
				INFOPLIST_KEY_UIApplicationSceneManifest_Generation = YES;
				INFOPLIST_KEY_UIApplicationSupportsIndirectInputEvents = YES;
				INFOPLIST_KEY_UILaunchScreen_Generation = YES;
				INFOPLIST_KEY_UISupportedInterfaceOrientations_iPad = "UIInterfaceOrientationPortrait UIInterfaceOrientationPortraitUpsideDown UIInterfaceOrientationLandscapeLeft UIInterfaceOrientationLandscapeRight";
				INFOPLIST_KEY_UISupportedInterfaceOrientations_iPhone = "UIInterfaceOrientationPortrait UIInterfaceOrientationLandscapeLeft UIInterfaceOrientationLandscapeRight";
				LD_RUNPATH_SEARCH_PATHS = (
					"$(inherited)",
					"@executable_path/Frameworks",
				);
				MARKETING_VERSION = 1.0;
				PRODUCT_BUNDLE_IDENTIFIER = Occ.Location;
				PRODUCT_NAME = "$(TARGET_NAME)";
				STRING_CATALOG_GENERATE_SYMBOLS = YES;
				SWIFT_APPROACHABLE_CONCURRENCY = YES;
				SWIFT_DEFAULT_ACTOR_ISOLATION = MainActor;
				SWIFT_EMIT_LOC_STRINGS = YES;
				SWIFT_UPCOMING_FEATURE_MEMBER_IMPORT_VISIBILITY = YES;
				SWIFT_VERSION = 5.0;
				TARGETED_DEVICE_FAMILY = "1,2";
			};
			name = Debug;
		};
		18991CC32F673028006C9121 /* Release */ = {
			isa = XCBuildConfiguration;
			buildSettings = {
				ASSETCATALOG_COMPILER_APPICON_NAME = AppIcon;
				ASSETCATALOG_COMPILER_GLOBAL_ACCENT_COLOR_NAME = AccentColor;
				CODE_SIGN_STYLE = Automatic;
				CURRENT_PROJECT_VERSION = 1;
				DEVELOPMENT_TEAM = U25A7T7GPN;
				ENABLE_PREVIEWS = YES;
				GENERATE_INFOPLIST_FILE = YES;
				INFOPLIST_FILE = Location/Info.plist;
				INFOPLIST_KEY_CFBundleDisplayName = "";
				INFOPLIST_KEY_LSApplicationCategoryType = "";
				INFOPLIST_KEY_NSLocationAlwaysAndWhenInUseUsageDescription = "Get your location for navigator";
				INFOPLIST_KEY_NSLocationWhenInUseUsageDescription = "我们需要使用GPS定位来获取您当前的基础海拔高度信息。";
				INFOPLIST_KEY_NSMotionUsageDescription = "我们需要访问运动传感器与气压计来计算您的相对位移和楼层变化。";
				INFOPLIST_KEY_NSLocalNetworkUsageDescription = "我们需要访问网络以获取当前位置的气象气压数据，用于辅助校准海拔。";
				INFOPLIST_KEY_UIApplicationSceneManifest_Generation = YES;
				INFOPLIST_KEY_UIApplicationSupportsIndirectInputEvents = YES;
				INFOPLIST_KEY_UILaunchScreen_Generation = YES;
				INFOPLIST_KEY_UISupportedInterfaceOrientations_iPad = "UIInterfaceOrientationPortrait UIInterfaceOrientationPortraitUpsideDown UIInterfaceOrientationLandscapeLeft UIInterfaceOrientationLandscapeRight";
				INFOPLIST_KEY_UISupportedInterfaceOrientations_iPhone = "UIInterfaceOrientationPortrait UIInterfaceOrientationLandscapeLeft UIInterfaceOrientationLandscapeRight";
				LD_RUNPATH_SEARCH_PATHS = (
					"$(inherited)",
					"@executable_path/Frameworks",
				);
				MARKETING_VERSION = 1.0;
				PRODUCT_BUNDLE_IDENTIFIER = Occ.Location;
				PRODUCT_NAME = "$(TARGET_NAME)";
				STRING_CATALOG_GENERATE_SYMBOLS = YES;
				SWIFT_APPROACHABLE_CONCURRENCY = YES;
				SWIFT_DEFAULT_ACTOR_ISOLATION = MainActor;
				SWIFT_EMIT_LOC_STRINGS = YES;
				SWIFT_UPCOMING_FEATURE_MEMBER_IMPORT_VISIBILITY = YES;
				SWIFT_VERSION = 5.0;
				TARGETED_DEVICE_FAMILY = "1,2";
			};
			name = Release;
		};
		18991CC52F673028006C9121 /* Debug */ = {
			isa = XCBuildConfiguration;
			buildSettings = {
				BUNDLE_LOADER = "$(TEST_HOST)";
				CODE_SIGN_STYLE = Automatic;
				CURRENT_PROJECT_VERSION = 1;
				DEVELOPMENT_TEAM = U25A7T7GPN;
				GENERATE_INFOPLIST_FILE = YES;
				IPHONEOS_DEPLOYMENT_TARGET = 26.2;
				MARKETING_VERSION = 1.0;
				PRODUCT_BUNDLE_IDENTIFIER = Occ.LocationTests;
				PRODUCT_NAME = "$(TARGET_NAME)";
				STRING_CATALOG_GENERATE_SYMBOLS = NO;
				SWIFT_APPROACHABLE_CONCURRENCY = YES;
				SWIFT_EMIT_LOC_STRINGS = NO;
				SWIFT_UPCOMING_FEATURE_MEMBER_IMPORT_VISIBILITY = YES;
				SWIFT_VERSION = 5.0;
				TARGETED_DEVICE_FAMILY = "1,2";
				TEST_HOST = "$(BUILT_PRODUCTS_DIR)/Location.app/$(BUNDLE_EXECUTABLE_FOLDER_PATH)/Location";
			};
			name = Debug;
		};
		18991CC62F673028006C9121 /* Release */ = {
			isa = XCBuildConfiguration;
			buildSettings = {
				BUNDLE_LOADER = "$(TEST_HOST)";
				CODE_SIGN_STYLE = Automatic;
				CURRENT_PROJECT_VERSION = 1;
				DEVELOPMENT_TEAM = U25A7T7GPN;
				GENERATE_INFOPLIST_FILE = YES;
				IPHONEOS_DEPLOYMENT_TARGET = 26.2;
				MARKETING_VERSION = 1.0;
				PRODUCT_BUNDLE_IDENTIFIER = Occ.LocationTests;
				PRODUCT_NAME = "$(TARGET_NAME)";
				STRING_CATALOG_GENERATE_SYMBOLS = NO;
				SWIFT_APPROACHABLE_CONCURRENCY = YES;
				SWIFT_EMIT_LOC_STRINGS = NO;
				SWIFT_UPCOMING_FEATURE_MEMBER_IMPORT_VISIBILITY = YES;
				SWIFT_VERSION = 5.0;
				TARGETED_DEVICE_FAMILY = "1,2";
				TEST_HOST = "$(BUILT_PRODUCTS_DIR)/Location.app/$(BUNDLE_EXECUTABLE_FOLDER_PATH)/Location";
			};
			name = Release;
		};
		18991CC82F673028006C9121 /* Debug */ = {
			isa = XCBuildConfiguration;
			buildSettings = {
				CODE_SIGN_STYLE = Automatic;
				CURRENT_PROJECT_VERSION = 1;
				DEVELOPMENT_TEAM = U25A7T7GPN;
				GENERATE_INFOPLIST_FILE = YES;
				MARKETING_VERSION = 1.0;
				PRODUCT_BUNDLE_IDENTIFIER = Occ.LocationUITests;
				PRODUCT_NAME = "$(TARGET_NAME)";
				STRING_CATALOG_GENERATE_SYMBOLS = NO;
				SWIFT_APPROACHABLE_CONCURRENCY = YES;
				SWIFT_EMIT_LOC_STRINGS = NO;
				SWIFT_UPCOMING_FEATURE_MEMBER_IMPORT_VISIBILITY = YES;
				SWIFT_VERSION = 5.0;
				TARGETED_DEVICE_FAMILY = "1,2";
				TEST_TARGET_NAME = Location;
			};
			name = Debug;
		};
		18991CC92F673028006C9121 /* Release */ = {
			isa = XCBuildConfiguration;
			buildSettings = {
				CODE_SIGN_STYLE = Automatic;
				CURRENT_PROJECT_VERSION = 1;
				DEVELOPMENT_TEAM = U25A7T7GPN;
				GENERATE_INFOPLIST_FILE = YES;
				MARKETING_VERSION = 1.0;
				PRODUCT_BUNDLE_IDENTIFIER = Occ.LocationUITests;
				PRODUCT_NAME = "$(TARGET_NAME)";
				STRING_CATALOG_GENERATE_SYMBOLS = NO;
				SWIFT_APPROACHABLE_CONCURRENCY = YES;
				SWIFT_EMIT_LOC_STRINGS = NO;
				SWIFT_UPCOMING_FEATURE_MEMBER_IMPORT_VISIBILITY = YES;
				SWIFT_VERSION = 5.0;
				TARGETED_DEVICE_FAMILY = "1,2";
				TEST_TARGET_NAME = Location;
			};
			name = Release;
		};
/* End XCBuildConfiguration section */

/* Begin XCConfigurationList section */
		18991C9B2F673026006C9121 /* Build configuration list for PBXProject "Location" */ = {
			isa = XCConfigurationList;
			buildConfigurations = (
				18991CBF2F673028006C9121 /* Debug */,
				18991CC02F673028006C9121 /* Release */,
			);
			defaultConfigurationIsVisible = 0;
			defaultConfigurationName = Release;
		};
		18991CC12F673028006C9121 /* Build configuration list for PBXNativeTarget "Location" */ = {
			isa = XCConfigurationList;
			buildConfigurations = (
				18991CC22F673028006C9121 /* Debug */,
				18991CC32F673028006C9121 /* Release */,
			);
			defaultConfigurationIsVisible = 0;
			defaultConfigurationName = Release;
		};
		18991CC42F673028006C9121 /* Build configuration list for PBXNativeTarget "LocationTests" */ = {
			isa = XCConfigurationList;
			buildConfigurations = (
				18991CC52F673028006C9121 /* Debug */,
				18991CC62F673028006C9121 /* Release */,
			);
			defaultConfigurationIsVisible = 0;
			defaultConfigurationName = Release;
		};
		18991CC72F673028006C9121 /* Build configuration list for PBXNativeTarget "LocationUITests" */ = {
			isa = XCConfigurationList;
			buildConfigurations = (
				18991CC82F673028006C9121 /* Debug */,
				18991CC92F673028006C9121 /* Release */,
			);
			defaultConfigurationIsVisible = 0;
			defaultConfigurationName = Release;
		};
/* End XCConfigurationList section */
	};
	rootObject = 18991C982F673026006C9121 /* Project object */;
}
